
Microsoft Visual Studio Solution File, Format Version 12.00
# Visual Studio Version 16
VisualStudioVersion = 16.0.29215.179
MinimumVisualStudioVersion = 10.0.40219.1
Project("{9A19103F-16F7-4668-BE54-9A1E7A4F7556}") = "Banco.WebApi", "Banco.WebApi\Banco.WebApi.csproj", "{3E6B7839-71C9-477A-9F82-B3AD0ACD832B}"
EndProject
Project("{FAE04EC0-301F-11D3-BF4B-00C04F79EFBC}") = "Banco.Consola", "Banco.Consola\Banco.Consola.csproj", "{433710D9-6E65-45A5-B70B-C3A46E3DDDF2}"
EndProject
Project("{FAE04EC0-301F-11D3-BF4B-00C04F79EFBC}") = "Banco.Web", "Banco.Web\Banco.Web.csproj", "{E43BDBC8-F74A-4C90-9C3E-B4589442859F}"
EndProject
Global
	GlobalSection(SolutionConfigurationPlatforms) = preSolution
		Debug|Any CPU = Debug|Any CPU
		Release|Any CPU = Release|Any CPU
	EndGlobalSection
	GlobalSection(ProjectConfigurationPlatforms) = postSolution
		{3E6B7839-71C9-477A-9F82-B3AD0ACD832B}.Debug|Any CPU.ActiveCfg = Debug|Any CPU
		{3E6B7839-71C9-477A-9F82-B3AD0ACD832B}.Debug|Any CPU.Build.0 = Debug|Any CPU
		{3E6B7839-71C9-477A-9F82-B3AD0ACD832B}.Release|Any CPU.ActiveCfg = Release|Any CPU
		{3E6B7839-71C9-477A-9F82-B3AD0ACD832B}.Release|Any CPU.Build.0 = Release|Any CPU
		{433710D9-6E65-45A5-B70B-C3A46E3DDDF2}.Debug|Any CPU.ActiveCfg = Debug|Any CPU
		{433710D9-6E65-45A5-B70B-C3A46E3DDDF2}.Debug|Any CPU.Build.0 = Debug|Any CPU
		{433710D9-6E65-45A5-B70B-C3A46E3DDDF2}.Release|Any CPU.ActiveCfg = Release|Any CPU
		{433710D9-6E65-45A5-B70B-C3A46E3DDDF2}.Release|Any CPU.Build.0 = Release|Any CPU
		{E43BDBC8-F74A-4C90-9C3E-B4589442859F}.Debug|Any CPU.ActiveCfg = Debug|Any CPU
		{E43BDBC8-F74A-4C90-9C3E-B4589442859F}.Debug|Any CPU.Build.0 = Debug|Any CPU
		{E43BDBC8-F74A-4C90-9C3E-B4589442859F}.Release|Any CPU.ActiveCfg = Release|Any CPU
		{E43BDBC8-F74A-4C90-9C3E-B4589442859F}.Release|Any CPU.Build.0 = Release|Any CPU
	EndGlobalSection
	GlobalSection(SolutionProperties) = preSolution
		HideSolutionNode = FALSE
	EndGlobalSection
	GlobalSection(ExtensibilityGlobals) = postSolution
		SolutionGuid = {6BE14AF4-5C3E-4CE9-98B9-7F62087BF83F}
	EndGlobalSection
EndGlobal
